
Microsoft Visual Studio Solution File, Format Version 12.00
# Visual Studio 15
VisualStudioVersion = 15.0.26430.12
MinimumVisualStudioVersion = 10.0.40219.1
Project("{FAE04EC0-301F-11D3-BF4B-00C04F79EFBC}") = "CreateClass", "CreateClass\CreateClass.csproj", "{362EF45F-35B1-4CE6-98F2-A7B3D761DECF}"
EndProject
Project("{FAE04EC0-301F-11D3-BF4B-00C04F79EFBC}") = "CreateClassTests", "CreateClassTests\CreateClassTests.csproj", "{6EAF6BA7-4F23-4D07-B97F-E699AECD04D0}"
EndProject
Global
	GlobalSection(SolutionConfigurationPlatforms) = preSolution
		Debug|Any CPU = Debug|Any CPU
		Release|Any CPU = Release|Any CPU
	EndGlobalSection
	GlobalSection(ProjectConfigurationPlatforms) = postSolution
		{362EF45F-35B1-4CE6-98F2-A7B3D761DECF}.Debug|Any CPU.ActiveCfg = Debug|Any CPU
		{362EF45F-35B1-4CE6-98F2-A7B3D761DECF}.Debug|Any CPU.Build.0 = Debug|Any CPU
		{362EF45F-35B1-4CE6-98F2-A7B3D761DECF}.Release|Any CPU.ActiveCfg = Release|Any CPU
		{362EF45F-35B1-4CE6-98F2-A7B3D761DECF}.Release|Any CPU.Build.0 = Release|Any CPU
		{6EAF6BA7-4F23-4D07-B97F-E699AECD04D0}.Debug|Any CPU.ActiveCfg = Debug|Any CPU
		{6EAF6BA7-4F23-4D07-B97F-E699AECD04D0}.Debug|Any CPU.Build.0 = Debug|Any CPU
		{6EAF6BA7-4F23-4D07-B97F-E699AECD04D0}.Release|Any CPU.ActiveCfg = Release|Any CPU
		{6EAF6BA7-4F23-4D07-B97F-E699AECD04D0}.Release|Any CPU.Build.0 = Release|Any CPU
	EndGlobalSection
	GlobalSection(SolutionProperties) = preSolution
		HideSolutionNode = FALSE
	EndGlobalSection
EndGlobal
